
Microsoft Visual Studio Solution File, Format Version 12.00
# Visual Studio 15
VisualStudioVersion = 15.0.27703.2042
MinimumVisualStudioVersion = 10.0.40219.1
Project("{FAE04EC0-301F-11D3-BF4B-00C04F79EFBC}") = "demoReport", "demoReport\demoReport.csproj", "{94AA4FAA-3F72-4847-9558-1750C236070E}"
EndProject
Project("{FAE04EC0-301F-11D3-BF4B-00C04F79EFBC}") = "demoReport2", "demoReport2\demoReport2.csproj", "{D2F3E4EA-0277-4138-BC7A-30994B3BFC33}"
EndProject
Global
	GlobalSection(SolutionConfigurationPlatforms) = preSolution
		Debug|Any CPU = Debug|Any CPU
		Release|Any CPU = Release|Any CPU
	EndGlobalSection
	GlobalSection(ProjectConfigurationPlatforms) = postSolution
		{94AA4FAA-3F72-4847-9558-1750C236070E}.Debug|Any CPU.ActiveCfg = Debug|Any CPU
		{94AA4FAA-3F72-4847-9558-1750C236070E}.Debug|Any CPU.Build.0 = Debug|Any CPU
		{94AA4FAA-3F72-4847-9558-1750C236070E}.Release|Any CPU.ActiveCfg = Release|Any CPU
		{94AA4FAA-3F72-4847-9558-1750C236070E}.Release|Any CPU.Build.0 = Release|Any CPU
		{D2F3E4EA-0277-4138-BC7A-30994B3BFC33}.Debug|Any CPU.ActiveCfg = Debug|Any CPU
		{D2F3E4EA-0277-4138-BC7A-30994B3BFC33}.Debug|Any CPU.Build.0 = Debug|Any CPU
		{D2F3E4EA-0277-4138-BC7A-30994B3BFC33}.Release|Any CPU.ActiveCfg = Release|Any CPU
		{D2F3E4EA-0277-4138-BC7A-30994B3BFC33}.Release|Any CPU.Build.0 = Release|Any CPU
	EndGlobalSection
	GlobalSection(SolutionProperties) = preSolution
		HideSolutionNode = FALSE
	EndGlobalSection
	GlobalSection(ExtensibilityGlobals) = postSolution
		SolutionGuid = {DF8B8B37-47B6-449B-A8B9-31A50A37F3CF}
	EndGlobalSection
EndGlobal
