
Microsoft Visual Studio Solution File, Format Version 12.00
# Visual Studio 15
VisualStudioVersion = 15.0.27703.2042
MinimumVisualStudioVersion = 10.0.40219.1
Project("{FAE04EC0-301F-11D3-BF4B-00C04F79EFBC}") = "w02_01", "week2\w02_01.csproj", "{D830EE1A-0A6E-4C89-870C-8487691D132B}"
EndProject
Project("{FAE04EC0-301F-11D3-BF4B-00C04F79EFBC}") = "w02_02", "w02_02\w02_02.csproj", "{CC556696-80A1-4472-9534-D727B7D8331E}"
EndProject
Project("{FAE04EC0-301F-11D3-BF4B-00C04F79EFBC}") = "w02_03", "w02_03\w02_03.csproj", "{C367D53E-616F-4042-AD8B-BA3EA16DC76A}"
EndProject
Project("{FAE04EC0-301F-11D3-BF4B-00C04F79EFBC}") = "w02_04", "w02_04\w02_04.csproj", "{7F8E5B72-3E8B-4FEE-A27D-15F864B3CC6D}"
EndProject
Global
	GlobalSection(SolutionConfigurationPlatforms) = preSolution
		Debug|Any CPU = Debug|Any CPU
		Release|Any CPU = Release|Any CPU
	EndGlobalSection
	GlobalSection(ProjectConfigurationPlatforms) = postSolution
		{D830EE1A-0A6E-4C89-870C-8487691D132B}.Debug|Any CPU.ActiveCfg = Debug|Any CPU
		{D830EE1A-0A6E-4C89-870C-8487691D132B}.Debug|Any CPU.Build.0 = Debug|Any CPU
		{D830EE1A-0A6E-4C89-870C-8487691D132B}.Release|Any CPU.ActiveCfg = Release|Any CPU
		{D830EE1A-0A6E-4C89-870C-8487691D132B}.Release|Any CPU.Build.0 = Release|Any CPU
		{CC556696-80A1-4472-9534-D727B7D8331E}.Debug|Any CPU.ActiveCfg = Debug|Any CPU
		{CC556696-80A1-4472-9534-D727B7D8331E}.Debug|Any CPU.Build.0 = Debug|Any CPU
		{CC556696-80A1-4472-9534-D727B7D8331E}.Release|Any CPU.ActiveCfg = Release|Any CPU
		{CC556696-80A1-4472-9534-D727B7D8331E}.Release|Any CPU.Build.0 = Release|Any CPU
		{C367D53E-616F-4042-AD8B-BA3EA16DC76A}.Debug|Any CPU.ActiveCfg = Debug|Any CPU
		{C367D53E-616F-4042-AD8B-BA3EA16DC76A}.Debug|Any CPU.Build.0 = Debug|Any CPU
		{C367D53E-616F-4042-AD8B-BA3EA16DC76A}.Release|Any CPU.ActiveCfg = Release|Any CPU
		{C367D53E-616F-4042-AD8B-BA3EA16DC76A}.Release|Any CPU.Build.0 = Release|Any CPU
		{7F8E5B72-3E8B-4FEE-A27D-15F864B3CC6D}.Debug|Any CPU.ActiveCfg = Debug|Any CPU
		{7F8E5B72-3E8B-4FEE-A27D-15F864B3CC6D}.Debug|Any CPU.Build.0 = Debug|Any CPU
		{7F8E5B72-3E8B-4FEE-A27D-15F864B3CC6D}.Release|Any CPU.ActiveCfg = Release|Any CPU
		{7F8E5B72-3E8B-4FEE-A27D-15F864B3CC6D}.Release|Any CPU.Build.0 = Release|Any CPU
	EndGlobalSection
	GlobalSection(SolutionProperties) = preSolution
		HideSolutionNode = FALSE
	EndGlobalSection
	GlobalSection(ExtensibilityGlobals) = postSolution
		SolutionGuid = {3ACE37BE-209B-40A9-8B8F-76C3A0AD5EA5}
	EndGlobalSection
EndGlobal
