
Microsoft Visual Studio Solution File, Format Version 12.00
# Visual Studio 15
VisualStudioVersion = 15.0.27703.2042
MinimumVisualStudioVersion = 10.0.40219.1
Project("{FAE04EC0-301F-11D3-BF4B-00C04F79EFBC}") = "w04_01", "week04\w04_01.csproj", "{EA992470-8D72-4A40-B669-0F221CB0F891}"
EndProject
Project("{FAE04EC0-301F-11D3-BF4B-00C04F79EFBC}") = "w04_02", "w04_02\w04_02.csproj", "{9B6DA6BA-0D6D-4435-AF6B-E261E83093E3}"
EndProject
Project("{FAE04EC0-301F-11D3-BF4B-00C04F79EFBC}") = "w04_04", "w04_04\w04_04.csproj", "{454178EB-6661-4680-8A1C-DD4EDB1394F9}"
EndProject
Global
	GlobalSection(SolutionConfigurationPlatforms) = preSolution
		Debug|Any CPU = Debug|Any CPU
		Release|Any CPU = Release|Any CPU
	EndGlobalSection
	GlobalSection(ProjectConfigurationPlatforms) = postSolution
		{EA992470-8D72-4A40-B669-0F221CB0F891}.Debug|Any CPU.ActiveCfg = Debug|Any CPU
		{EA992470-8D72-4A40-B669-0F221CB0F891}.Debug|Any CPU.Build.0 = Debug|Any CPU
		{EA992470-8D72-4A40-B669-0F221CB0F891}.Release|Any CPU.ActiveCfg = Release|Any CPU
		{EA992470-8D72-4A40-B669-0F221CB0F891}.Release|Any CPU.Build.0 = Release|Any CPU
		{9B6DA6BA-0D6D-4435-AF6B-E261E83093E3}.Debug|Any CPU.ActiveCfg = Debug|Any CPU
		{9B6DA6BA-0D6D-4435-AF6B-E261E83093E3}.Debug|Any CPU.Build.0 = Debug|Any CPU
		{9B6DA6BA-0D6D-4435-AF6B-E261E83093E3}.Release|Any CPU.ActiveCfg = Release|Any CPU
		{9B6DA6BA-0D6D-4435-AF6B-E261E83093E3}.Release|Any CPU.Build.0 = Release|Any CPU
		{454178EB-6661-4680-8A1C-DD4EDB1394F9}.Debug|Any CPU.ActiveCfg = Debug|Any CPU
		{454178EB-6661-4680-8A1C-DD4EDB1394F9}.Debug|Any CPU.Build.0 = Debug|Any CPU
		{454178EB-6661-4680-8A1C-DD4EDB1394F9}.Release|Any CPU.ActiveCfg = Release|Any CPU
		{454178EB-6661-4680-8A1C-DD4EDB1394F9}.Release|Any CPU.Build.0 = Release|Any CPU
	EndGlobalSection
	GlobalSection(SolutionProperties) = preSolution
		HideSolutionNode = FALSE
	EndGlobalSection
	GlobalSection(ExtensibilityGlobals) = postSolution
		SolutionGuid = {4E48CBBE-F4B3-4FBB-8291-8F4AA007EBD1}
	EndGlobalSection
EndGlobal
