
Microsoft Visual Studio Solution File, Format Version 12.00
# Visual Studio 15
VisualStudioVersion = 15.0.27703.2042
MinimumVisualStudioVersion = 10.0.40219.1
Project("{FAE04EC0-301F-11D3-BF4B-00C04F79EFBC}") = "week08", "week08\week08.csproj", "{C84365C3-7296-460E-B173-E48ECAD86830}"
EndProject
Global
	GlobalSection(SolutionConfigurationPlatforms) = preSolution
		Debug|Any CPU = Debug|Any CPU
		Release|Any CPU = Release|Any CPU
	EndGlobalSection
	GlobalSection(ProjectConfigurationPlatforms) = postSolution
		{C84365C3-7296-460E-B173-E48ECAD86830}.Debug|Any CPU.ActiveCfg = Debug|Any CPU
		{C84365C3-7296-460E-B173-E48ECAD86830}.Debug|Any CPU.Build.0 = Debug|Any CPU
		{C84365C3-7296-460E-B173-E48ECAD86830}.Release|Any CPU.ActiveCfg = Release|Any CPU
		{C84365C3-7296-460E-B173-E48ECAD86830}.Release|Any CPU.Build.0 = Release|Any CPU
	EndGlobalSection
	GlobalSection(SolutionProperties) = preSolution
		HideSolutionNode = FALSE
	EndGlobalSection
	GlobalSection(ExtensibilityGlobals) = postSolution
		SolutionGuid = {1790AF1E-CDB5-496A-BB60-FD657C26588A}
	EndGlobalSection
EndGlobal
