
Microsoft Visual Studio Solution File, Format Version 12.00
# Visual Studio 15
VisualStudioVersion = 15.0.27703.2042
MinimumVisualStudioVersion = 10.0.40219.1
Project("{FAE04EC0-301F-11D3-BF4B-00C04F79EFBC}") = "w08", "WindowsFormsApp1\w08.csproj", "{2B5432E7-135C-4BB6-86DD-4CE04DD791CF}"
EndProject
Global
	GlobalSection(SolutionConfigurationPlatforms) = preSolution
		Debug|Any CPU = Debug|Any CPU
		Release|Any CPU = Release|Any CPU
	EndGlobalSection
	GlobalSection(ProjectConfigurationPlatforms) = postSolution
		{2B5432E7-135C-4BB6-86DD-4CE04DD791CF}.Debug|Any CPU.ActiveCfg = Debug|Any CPU
		{2B5432E7-135C-4BB6-86DD-4CE04DD791CF}.Debug|Any CPU.Build.0 = Debug|Any CPU
		{2B5432E7-135C-4BB6-86DD-4CE04DD791CF}.Release|Any CPU.ActiveCfg = Release|Any CPU
		{2B5432E7-135C-4BB6-86DD-4CE04DD791CF}.Release|Any CPU.Build.0 = Release|Any CPU
	EndGlobalSection
	GlobalSection(SolutionProperties) = preSolution
		HideSolutionNode = FALSE
	EndGlobalSection
	GlobalSection(ExtensibilityGlobals) = postSolution
		SolutionGuid = {E2E23DB1-56D1-4C77-A168-E746C0A2D890}
	EndGlobalSection
EndGlobal
