
Microsoft Visual Studio Solution File, Format Version 12.00
# Visual Studio 15
VisualStudioVersion = 15.0.27703.2042
MinimumVisualStudioVersion = 10.0.40219.1
Project("{FAE04EC0-301F-11D3-BF4B-00C04F79EFBC}") = "CrystalReportsApplication1", "CrystalReportsApplication1\CrystalReportsApplication1.csproj", "{C637CB5C-14A3-492E-BF1E-D5ACDB6238E5}"
EndProject
Global
	GlobalSection(SolutionConfigurationPlatforms) = preSolution
		Debug|Any CPU = Debug|Any CPU
		Release|Any CPU = Release|Any CPU
	EndGlobalSection
	GlobalSection(ProjectConfigurationPlatforms) = postSolution
		{C637CB5C-14A3-492E-BF1E-D5ACDB6238E5}.Debug|Any CPU.ActiveCfg = Debug|Any CPU
		{C637CB5C-14A3-492E-BF1E-D5ACDB6238E5}.Debug|Any CPU.Build.0 = Debug|Any CPU
		{C637CB5C-14A3-492E-BF1E-D5ACDB6238E5}.Release|Any CPU.ActiveCfg = Release|Any CPU
		{C637CB5C-14A3-492E-BF1E-D5ACDB6238E5}.Release|Any CPU.Build.0 = Release|Any CPU
	EndGlobalSection
	GlobalSection(SolutionProperties) = preSolution
		HideSolutionNode = FALSE
	EndGlobalSection
	GlobalSection(ExtensibilityGlobals) = postSolution
		SolutionGuid = {E27D2F48-11AB-40E7-B5A4-577F6E77F23E}
	EndGlobalSection
EndGlobal
