
Microsoft Visual Studio Solution File, Format Version 12.00
# Visual Studio 15
VisualStudioVersion = 15.0.27703.2042
MinimumVisualStudioVersion = 10.0.40219.1
Project("{FAE04EC0-301F-11D3-BF4B-00C04F79EFBC}") = "week09", "week09\week09.csproj", "{B81A723C-C241-48CC-B8EF-115FE730B6D5}"
EndProject
Global
	GlobalSection(SolutionConfigurationPlatforms) = preSolution
		Debug|Any CPU = Debug|Any CPU
		Release|Any CPU = Release|Any CPU
	EndGlobalSection
	GlobalSection(ProjectConfigurationPlatforms) = postSolution
		{B81A723C-C241-48CC-B8EF-115FE730B6D5}.Debug|Any CPU.ActiveCfg = Debug|Any CPU
		{B81A723C-C241-48CC-B8EF-115FE730B6D5}.Debug|Any CPU.Build.0 = Debug|Any CPU
		{B81A723C-C241-48CC-B8EF-115FE730B6D5}.Release|Any CPU.ActiveCfg = Release|Any CPU
		{B81A723C-C241-48CC-B8EF-115FE730B6D5}.Release|Any CPU.Build.0 = Release|Any CPU
	EndGlobalSection
	GlobalSection(SolutionProperties) = preSolution
		HideSolutionNode = FALSE
	EndGlobalSection
	GlobalSection(ExtensibilityGlobals) = postSolution
		SolutionGuid = {1806CB7F-5C59-4684-9A5B-B32A304A83C3}
	EndGlobalSection
EndGlobal
